
Microsoft Visual Studio Solution File, Format Version 12.00
# Visual Studio Version 17
VisualStudioVersion = 17.7.34009.444
MinimumVisualStudioVersion = 10.0.40219.1
Project("{FAE04EC0-301F-11D3-BF4B-00C04F79EFBC}") = "Lesson4", "Lesson4\Lesson4.csproj", "{BCA991C8-E3E2-48B8-BC25-21FD08B83A39}"
EndProject
Global
	GlobalSection(SolutionConfigurationPlatforms) = preSolution
		Debug|Any CPU = Debug|Any CPU
		Release|Any CPU = Release|Any CPU
	EndGlobalSection
	GlobalSection(ProjectConfigurationPlatforms) = postSolution
		{BCA991C8-E3E2-48B8-BC25-21FD08B83A39}.Debug|Any CPU.ActiveCfg = Debug|Any CPU
		{BCA991C8-E3E2-48B8-BC25-21FD08B83A39}.Debug|Any CPU.Build.0 = Debug|Any CPU
		{BCA991C8-E3E2-48B8-BC25-21FD08B83A39}.Release|Any CPU.ActiveCfg = Release|Any CPU
		{BCA991C8-E3E2-48B8-BC25-21FD08B83A39}.Release|Any CPU.Build.0 = Release|Any CPU
	EndGlobalSection
	GlobalSection(SolutionProperties) = preSolution
		HideSolutionNode = FALSE
	EndGlobalSection
	GlobalSection(ExtensibilityGlobals) = postSolution
		SolutionGuid = {943AB466-74E1-4444-92BA-5A34732EBD77}
	EndGlobalSection
EndGlobal
